
Microsoft Visual Studio Solution File, Format Version 12.00
# Visual Studio Version 17
VisualStudioVersion = 17.3.32901.215
MinimumVisualStudioVersion = 10.0.40219.1
Project("{FAE04EC0-301F-11D3-BF4B-00C04F79EFBC}") = "break-1", "break-1\break-1.csproj", "{B05AADCC-FB23-4BD8-B94E-B2CDB17F3B65}"
EndProject
Global
	GlobalSection(SolutionConfigurationPlatforms) = preSolution
		Debug|Any CPU = Debug|Any CPU
		Release|Any CPU = Release|Any CPU
	EndGlobalSection
	GlobalSection(ProjectConfigurationPlatforms) = postSolution
		{B05AADCC-FB23-4BD8-B94E-B2CDB17F3B65}.Debug|Any CPU.ActiveCfg = Debug|Any CPU
		{B05AADCC-FB23-4BD8-B94E-B2CDB17F3B65}.Debug|Any CPU.Build.0 = Debug|Any CPU
		{B05AADCC-FB23-4BD8-B94E-B2CDB17F3B65}.Release|Any CPU.ActiveCfg = Release|Any CPU
		{B05AADCC-FB23-4BD8-B94E-B2CDB17F3B65}.Release|Any CPU.Build.0 = Release|Any CPU
	EndGlobalSection
	GlobalSection(SolutionProperties) = preSolution
		HideSolutionNode = FALSE
	EndGlobalSection
	GlobalSection(ExtensibilityGlobals) = postSolution
		SolutionGuid = {B79AA075-27A3-4994-87ED-3A9CA93A1B37}
	EndGlobalSection
EndGlobal
